
Microsoft Visual Studio Solution File, Format Version 12.00
# Visual Studio Version 16
VisualStudioVersion = 16.0.29613.14
MinimumVisualStudioVersion = 10.0.40219.1
Project("{9A19103F-16F7-4668-BE54-9A1E7A4F7556}") = "AssetsTools.NET", "AssetTools.NET\AssetsTools.NET.csproj", "{E09D5AC2-1A2E-4EC1-94AD-3F5E22F17658}"
EndProject
Project("{9A19103F-16F7-4668-BE54-9A1E7A4F7556}") = "AssetsView", "AssetsView\AssetsView.csproj", "{42D1011E-A1FB-424D-BB4E-C858EB088E9C}"
EndProject
Global
	GlobalSection(SolutionConfigurationPlatforms) = preSolution
		Debug|Any CPU = Debug|Any CPU
		Debug|x64 = Debug|x64
		Release|Any CPU = Release|Any CPU
		Release|x64 = Release|x64
	EndGlobalSection
	GlobalSection(ProjectConfigurationPlatforms) = postSolution
		{E09D5AC2-1A2E-4EC1-94AD-3F5E22F17658}.Debug|Any CPU.ActiveCfg = Debug|Any CPU
		{E09D5AC2-1A2E-4EC1-94AD-3F5E22F17658}.Debug|Any CPU.Build.0 = Debug|Any CPU
		{E09D5AC2-1A2E-4EC1-94AD-3F5E22F17658}.Debug|x64.ActiveCfg = Debug|Any CPU
		{E09D5AC2-1A2E-4EC1-94AD-3F5E22F17658}.Debug|x64.Build.0 = Debug|Any CPU
		{E09D5AC2-1A2E-4EC1-94AD-3F5E22F17658}.Release|Any CPU.ActiveCfg = Release|Any CPU
		{E09D5AC2-1A2E-4EC1-94AD-3F5E22F17658}.Release|Any CPU.Build.0 = Release|Any CPU
		{E09D5AC2-1A2E-4EC1-94AD-3F5E22F17658}.Release|x64.ActiveCfg = Release|Any CPU
		{E09D5AC2-1A2E-4EC1-94AD-3F5E22F17658}.Release|x64.Build.0 = Release|Any CPU
		{42D1011E-A1FB-424D-BB4E-C858EB088E9C}.Debug|Any CPU.ActiveCfg = Debug|Any CPU
		{42D1011E-A1FB-424D-BB4E-C858EB088E9C}.Debug|Any CPU.Build.0 = Debug|Any CPU
		{42D1011E-A1FB-424D-BB4E-C858EB088E9C}.Debug|x64.ActiveCfg = Debug|Any CPU
		{42D1011E-A1FB-424D-BB4E-C858EB088E9C}.Debug|x64.Build.0 = Debug|Any CPU
		{42D1011E-A1FB-424D-BB4E-C858EB088E9C}.Release|Any CPU.ActiveCfg = Release|Any CPU
		{42D1011E-A1FB-424D-BB4E-C858EB088E9C}.Release|Any CPU.Build.0 = Release|Any CPU
		{42D1011E-A1FB-424D-BB4E-C858EB088E9C}.Release|x64.ActiveCfg = Release|Any CPU
		{42D1011E-A1FB-424D-BB4E-C858EB088E9C}.Release|x64.Build.0 = Release|Any CPU
	EndGlobalSection
	GlobalSection(SolutionProperties) = preSolution
		HideSolutionNode = FALSE
	EndGlobalSection
	GlobalSection(ExtensibilityGlobals) = postSolution
		SolutionGuid = {92907320-DAC5-454C-AE74-ACE0436491C8}
	EndGlobalSection
EndGlobal
